PODS:
  - device_info_plus (0.0.1):
    - Flutter
  - DKImagePickerController/Core (4.3.9):
    - DKImagePickerController/ImageDataManager
    - DKImagePickerController/Resource
  - DKImagePickerController/ImageDataManager (4.3.9)
  - DKImagePickerController/PhotoGallery (4.3.9):
    - DKImagePickerController/Core
    - DKPhotoGallery
  - DKImagePickerController/Resource (4.3.9)
  - DKPhotoGallery (0.0.19):
    - DKPhotoGallery/Core (= 0.0.19)
    - DKPhotoGallery/Model (= 0.0.19)
    - DKPhotoGallery/Preview (= 0.0.19)
    - DKPhotoGallery/Resource (= 0.0.19)
    - SDWebImage
    - SwiftyGif
  - DKPhotoGallery/Core (0.0.19):
    - DKPhotoGallery/Model
    - DKPhotoGallery/Preview
    - SDWebImage
    - SwiftyGif
  - DKPhotoGallery/Model (0.0.19):
    - SDWebImage
    - SwiftyGif
  - DKPhotoGallery/Preview (0.0.19):
    - DKPhotoGallery/Model
    - DKPhotoGallery/Resource
    - SDWebImage
    - SwiftyGif
  - DKPhotoGallery/Resource (0.0.19):
    - SDWebImage
    - SwiftyGif
  - file_picker (0.0.1):
    - DKImagePickerController/PhotoGallery
    - Flutter
  - Flutter (1.0.0)
  - flutter_foreground_task (0.0.1):
    - Flutter
  - flutter_inappwebview_ios (0.0.1):
    - Flutter
    - flutter_inappwebview_ios/Core (= 0.0.1)
    - OrderedSet (~> 6.0.3)
  - flutter_inappwebview_ios/Core (0.0.1):
    - Flutter
    - OrderedSet (~> 6.0.3)
  - HydraAsync (2.0.6)
  - live_flutter_plugin (1.0.0):
    - Flutter
    - TXCustomBeautyProcesserPlugin
    - TXLiteAVSDK_Professional (= 12.6.18866)
  - OrderedSet (6.0.3)
  - package_info_plus (0.4.5):
    - Flutter
  - path_provider_foundation (0.0.1):
    - Flutter
    - FlutterMacOS
  - permission_handler_apple (9.3.0):
    - Flutter
  - pointer_interceptor_ios (0.0.1):
    - Flutter
  - QCloudCore/WithoutMTA (6.4.7)
  - QCloudCOSXML/Slim (6.4.7):
    - QCloudCore/WithoutMTA (= 6.4.7)
  - SDWebImage (5.21.1):
    - SDWebImage/Core (= 5.21.1)
  - SDWebImage/Core (5.21.1)
  - shared_preferences_foundation (0.0.1):
    - Flutter
    - FlutterMacOS
  - SwiftyGif (5.4.5)
  - tencent_cloud_chat_sdk (8.0.0):
    - Flutter
    - HydraAsync
    - TXIMSDK_Plus_iOS_XCFramework (~> 8.6.7040)
  - tencent_rtc_sdk (0.0.1):
    - Flutter
    - TXCustomBeautyProcesserPlugin (= 1.0.2)
    - TXLiteAVSDK_Professional (~> 12.6.18866)
  - tencentcloud_cos_sdk_plugin_nobeacon (1.2.4):
    - Flutter
    - QCloudCOSXML/Slim (= 6.4.7)
  - TXCustomBeautyProcesserPlugin (1.0.2)
  - TXIMSDK_Plus_iOS_XCFramework (8.6.7040)
  - TXLiteAVSDK_Professional (12.6.18866):
    - TXLiteAVSDK_Professional/Professional (= 12.6.18866)
  - TXLiteAVSDK_Professional/Professional (12.6.18866)
  - wakelock_plus (0.0.1):
    - Flutter
  - zstandard_ios (0.0.1):
    - Flutter

DEPENDENCIES:
  - device_info_plus (from `.symlinks/plugins/device_info_plus/ios`)
  - file_picker (from `.symlinks/plugins/file_picker/ios`)
  - Flutter (from `Flutter`)
  - flutter_foreground_task (from `.symlinks/plugins/flutter_foreground_task/ios`)
  - flutter_inappwebview_ios (from `.symlinks/plugins/flutter_inappwebview_ios/ios`)
  - live_flutter_plugin (from `.symlinks/plugins/live_flutter_plugin/ios`)
  - package_info_plus (from `.symlinks/plugins/package_info_plus/ios`)
  - path_provider_foundation (from `.symlinks/plugins/path_provider_foundation/darwin`)
  - permission_handler_apple (from `.symlinks/plugins/permission_handler_apple/ios`)
  - pointer_interceptor_ios (from `.symlinks/plugins/pointer_interceptor_ios/ios`)
  - shared_preferences_foundation (from `.symlinks/plugins/shared_preferences_foundation/darwin`)
  - tencent_cloud_chat_sdk (from `.symlinks/plugins/tencent_cloud_chat_sdk/ios`)
  - tencent_rtc_sdk (from `.symlinks/plugins/tencent_rtc_sdk/ios`)
  - tencentcloud_cos_sdk_plugin_nobeacon (from `.symlinks/plugins/tencentcloud_cos_sdk_plugin_nobeacon/ios`)
  - wakelock_plus (from `.symlinks/plugins/wakelock_plus/ios`)
  - zstandard_ios (from `.symlinks/plugins/zstandard_ios/ios`)

SPEC REPOS:
  trunk:
    - DKImagePickerController
    - DKPhotoGallery
    - HydraAsync
    - OrderedSet
    - QCloudCore
    - QCloudCOSXML
    - SDWebImage
    - SwiftyGif
    - TXCustomBeautyProcesserPlugin
    - TXIMSDK_Plus_iOS_XCFramework
    - TXLiteAVSDK_Professional

EXTERNAL SOURCES:
  device_info_plus:
    :path: ".symlinks/plugins/device_info_plus/ios"
  file_picker:
    :path: ".symlinks/plugins/file_picker/ios"
  Flutter:
    :path: Flutter
  flutter_foreground_task:
    :path: ".symlinks/plugins/flutter_foreground_task/ios"
  flutter_inappwebview_ios:
    :path: ".symlinks/plugins/flutter_inappwebview_ios/ios"
  live_flutter_plugin:
    :path: ".symlinks/plugins/live_flutter_plugin/ios"
  package_info_plus:
    :path: ".symlinks/plugins/package_info_plus/ios"
  path_provider_foundation:
    :path: ".symlinks/plugins/path_provider_foundation/darwin"
  permission_handler_apple:
    :path: ".symlinks/plugins/permission_handler_apple/ios"
  pointer_interceptor_ios:
    :path: ".symlinks/plugins/pointer_interceptor_ios/ios"
  shared_preferences_foundation:
    :path: ".symlinks/plugins/shared_preferences_foundation/darwin"
  tencent_cloud_chat_sdk:
    :path: ".symlinks/plugins/tencent_cloud_chat_sdk/ios"
  tencent_rtc_sdk:
    :path: ".symlinks/plugins/tencent_rtc_sdk/ios"
  tencentcloud_cos_sdk_plugin_nobeacon:
    :path: ".symlinks/plugins/tencentcloud_cos_sdk_plugin_nobeacon/ios"
  wakelock_plus:
    :path: ".symlinks/plugins/wakelock_plus/ios"
  zstandard_ios:
    :path: ".symlinks/plugins/zstandard_ios/ios"

SPEC CHECKSUMS:
  device_info_plus: bf2e3232933866d73fe290f2942f2156cdd10342
  DKImagePickerController: 946cec48c7873164274ecc4624d19e3da4c1ef3c
  DKPhotoGallery: b3834fecb755ee09a593d7c9e389d8b5d6deed60
  file_picker: b159e0c068aef54932bb15dc9fd1571818edaf49
  Flutter: e0871f40cf51350855a761d2e70bf5af5b9b5de7
  flutter_foreground_task: 21ef182ab0a29a3005cc72cd70e5f45cb7f7f817
  flutter_inappwebview_ios: 6f63631e2c62a7c350263b13fa5427aedefe81d4
  HydraAsync: 8d589bd725b0224f899afafc9a396327405f8063
  live_flutter_plugin: 68712e332c271c8d0f71ef69d06b7a0ac3631269
  OrderedSet: e539b66b644ff081c73a262d24ad552a69be3a94
  package_info_plus: c0502532a26c7662a62a356cebe2692ec5fe4ec4
  path_provider_foundation: 2b6b4c569c0fb62ec74538f866245ac84301af46
  permission_handler_apple: 9878588469a2b0d0fc1e048d9f43605f92e6cec2
  pointer_interceptor_ios: 508241697ff0947f853c061945a8b822463947c1
  QCloudCore: 49e7571984a8e5fd8f0fd58c2f3b806255796223
  QCloudCOSXML: 7205e76aa9cf613468222615483c9d7c074e4298
  SDWebImage: f29024626962457f3470184232766516dee8dfea
  shared_preferences_foundation: fcdcbc04712aee1108ac7fda236f363274528f78
  SwiftyGif: 706c60cf65fa2bc5ee0313beece843c8eb8194d4
  tencent_cloud_chat_sdk: 623578ad1b34c615e9aa1a2b67da79051f9421fe
  tencent_rtc_sdk: 1a9a9ec3cf17ff0b6b39ae2de27e8b916c31941b
  tencentcloud_cos_sdk_plugin_nobeacon: 77cb2c990ec40a5df6cbae8d6fbd2a6f5c3d9cb8
  TXCustomBeautyProcesserPlugin: 099393b941cb40eda12b3a80bf6c0319957b1cfd
  TXIMSDK_Plus_iOS_XCFramework: 36ea2cdb544315d79e520cd54d0bbb1fbb1110bc
  TXLiteAVSDK_Professional: 33a5d8da98797efaba8e026c4e3e6c7ecf75f0d3
  wakelock_plus: 76957ab028e12bfa4e66813c99e46637f367fc7e
  zstandard_ios: a306be905780e3fad87aab7ee81c67fd508e92b0

PODFILE CHECKSUM: 4305caec6b40dde0ae97be1573c53de1882a07e5

COCOAPODS: 1.15.2
